
Microsoft Visual Studio Solution File, Format Version 11.00
# Visual Studio 2010
Project("{FAE04EC0-301F-11D3-BF4B-00C04F79EFBC}") = "Sharik.UnitTests", "UnitTests\Sharik.UnitTests.csproj", "{92725715-D66A-4B24-9C25-1A7F06B6BDD8}"
EndProject
Project("{FAE04EC0-301F-11D3-BF4B-00C04F79EFBC}") = "Sharik.System", "System\Sharik.System.csproj", "{116E8E3F-811D-4014-B197-0D7D17F6CEE5}"
EndProject
Project("{FAE04EC0-301F-11D3-BF4B-00C04F79EFBC}") = "XmlPatch", "XmlPatch\XmlPatch.csproj", "{284A488A-A0A1-4B12-A3C7-97C140ABE3CC}"
EndProject
Project("{FAE04EC0-301F-11D3-BF4B-00C04F79EFBC}") = "System.Security.Tests", "System.Security.Tests\System.Security.Tests.csproj", "{848ED690-513E-4438-BC68-9B378C243CF4}"
EndProject
Global
	GlobalSection(SolutionConfigurationPlatforms) = preSolution
		Debug|Any CPU = Debug|Any CPU
		Release|Any CPU = Release|Any CPU
	EndGlobalSection
	GlobalSection(ProjectConfigurationPlatforms) = postSolution
		{92725715-D66A-4B24-9C25-1A7F06B6BDD8}.Debug|Any CPU.ActiveCfg = Debug|Any CPU
		{92725715-D66A-4B24-9C25-1A7F06B6BDD8}.Debug|Any CPU.Build.0 = Debug|Any CPU
		{92725715-D66A-4B24-9C25-1A7F06B6BDD8}.Release|Any CPU.ActiveCfg = Release|Any CPU
		{92725715-D66A-4B24-9C25-1A7F06B6BDD8}.Release|Any CPU.Build.0 = Release|Any CPU
		{116E8E3F-811D-4014-B197-0D7D17F6CEE5}.Debug|Any CPU.ActiveCfg = Debug|Any CPU
		{116E8E3F-811D-4014-B197-0D7D17F6CEE5}.Debug|Any CPU.Build.0 = Debug|Any CPU
		{116E8E3F-811D-4014-B197-0D7D17F6CEE5}.Release|Any CPU.ActiveCfg = Release|Any CPU
		{116E8E3F-811D-4014-B197-0D7D17F6CEE5}.Release|Any CPU.Build.0 = Release|Any CPU
		{284A488A-A0A1-4B12-A3C7-97C140ABE3CC}.Debug|Any CPU.ActiveCfg = Debug|Any CPU
		{284A488A-A0A1-4B12-A3C7-97C140ABE3CC}.Debug|Any CPU.Build.0 = Debug|Any CPU
		{284A488A-A0A1-4B12-A3C7-97C140ABE3CC}.Release|Any CPU.ActiveCfg = Release|Any CPU
		{284A488A-A0A1-4B12-A3C7-97C140ABE3CC}.Release|Any CPU.Build.0 = Release|Any CPU
		{848ED690-513E-4438-BC68-9B378C243CF4}.Debug|Any CPU.ActiveCfg = Debug|Any CPU
		{848ED690-513E-4438-BC68-9B378C243CF4}.Debug|Any CPU.Build.0 = Debug|Any CPU
		{848ED690-513E-4438-BC68-9B378C243CF4}.Release|Any CPU.ActiveCfg = Release|Any CPU
		{848ED690-513E-4438-BC68-9B378C243CF4}.Release|Any CPU.Build.0 = Release|Any CPU
	EndGlobalSection
EndGlobal
